
Microsoft Visual Studio Solution File, Format Version 12.00
# Visual Studio Version 17
VisualStudioVersion = 17.0.31903.59
MinimumVisualStudioVersion = 10.0.40219.1
Project("{FAE04EC0-301F-11D3-BF4B-00C04F79EFBC}") = "peripherals", "peripherals\peripherals.csproj", "{741F556E-7441-41E4-A41C-D333B27F1614}"
EndProject
Global
	GlobalSection(SolutionConfigurationPlatforms) = preSolution
		Debug|Any CPU = Debug|Any CPU
		Release|Any CPU = Release|Any CPU
	EndGlobalSection
	GlobalSection(SolutionProperties) = preSolution
		HideSolutionNode = FALSE
	EndGlobalSection
	GlobalSection(ProjectConfigurationPlatforms) = postSolution
		{741F556E-7441-41E4-A41C-D333B27F1614}.Debug|Any CPU.ActiveCfg = Debug|Any CPU
		{741F556E-7441-41E4-A41C-D333B27F1614}.Debug|Any CPU.Build.0 = Debug|Any CPU
		{741F556E-7441-41E4-A41C-D333B27F1614}.Release|Any CPU.ActiveCfg = Release|Any CPU
		{741F556E-7441-41E4-A41C-D333B27F1614}.Release|Any CPU.Build.0 = Release|Any CPU
		{AB0FE809-4FDF-4BEA-B2E7-447B05C4DB0F}.Debug|Any CPU.ActiveCfg = Debug|Any CPU
		{AB0FE809-4FDF-4BEA-B2E7-447B05C4DB0F}.Debug|Any CPU.Build.0 = Debug|Any CPU
		{AB0FE809-4FDF-4BEA-B2E7-447B05C4DB0F}.Release|Any CPU.ActiveCfg = Release|Any CPU
		{AB0FE809-4FDF-4BEA-B2E7-447B05C4DB0F}.Release|Any CPU.Build.0 = Release|Any CPU
	EndGlobalSection
EndGlobal
